// !$*UTF8*$!
{
	archiveVersion = 1;
	classes = {
	};
	objectVersion = 46;
	objects = {

/* Begin PBXBuildFile section */
		E2CDB25C19C8AA9C00EA68B2 /* Foundation.framework in Frameworks */ = {isa = PBXBuildFile; fileRef = E2CDB25B19C8AA9C00EA68B2 /* Foundation.framework */; };
		E2CDB25E19C8AA9C00EA68B2 /* CoreGraphics.framework in Frameworks */ = {isa = PBXBuildFile; fileRef = E2CDB25D19C8AA9C00EA68B2 /* CoreGraphics.framework */; };
		E2CDB26019C8AA9C00EA68B2 /* UIKit.framework in Frameworks */ = {isa = PBXBuildFile; fileRef = E2CDB25F19C8AA9C00EA68B2 /* UIKit.framework */; };
		E2CDB26619C8AA9C00EA68B2 /* InfoPlist.strings in Resources */ = {isa = PBXBuildFile; fileRef = E2CDB26419C8AA9C00EA68B2 /* InfoPlist.strings */; };
		E2CDB26819C8AA9C00EA68B2 /* main.m in Sources */ = {isa = PBXBuildFile; fileRef = E2CDB26719C8AA9C00EA68B2 /* main.m */; };
		E2CDB26C19C8AA9C00EA68B2 /* BNRAppDelegate.m in Sources */ = {isa = PBXBuildFile; fileRef = E2CDB26B19C8AA9C00EA68B2 /* BNRAppDelegate.m */; };
		E2CDB26E19C8AA9C00EA68B2 /* Images.xcassets in Resources */ = {isa = PBXBuildFile; fileRef = E2CDB26D19C8AA9C00EA68B2 /* Images.xcassets */; };
		E2CDB27519C8AA9C00EA68B2 /* XCTest.framework in Frameworks */ = {isa = PBXBuildFile; fileRef = E2CDB27419C8AA9C00EA68B2 /* XCTest.framework */; };
		E2CDB27619C8AA9C00EA68B2 /* Foundation.framework in Frameworks */ = {isa = PBXBuildFile; fileRef = E2CDB25B19C8AA9C00EA68B2 /* Foundation.framework */; };
		E2CDB27719C8AA9C00EA68B2 /* UIKit.framework in Frameworks */ = {isa = PBXBuildFile; fileRef = E2CDB25F19C8AA9C00EA68B2 /* UIKit.framework */; };
		E2CDB27F19C8AA9C00EA68B2 /* InfoPlist.strings in Resources */ = {isa = PBXBuildFile; fileRef = E2CDB27D19C8AA9C00EA68B2 /* InfoPlist.strings */; };
		E2CDB28119C8AA9C00EA68B2 /* HypnosisterTests.m in Sources */ = {isa = PBXBuildFile; fileRef = E2CDB28019C8AA9C00EA68B2 /* HypnosisterTests.m */; };
/* End PBXBuildFile section */

/* Begin PBXContainerItemProxy section */
		E2CDB27819C8AA9C00EA68B2 /* PBXContainerItemProxy */ = {
			isa = PBXContainerItemProxy;
			containerPortal = E2CDB25019C8AA9C00EA68B2 /* Project object */;
			proxyType = 1;
			remoteGlobalIDString = E2CDB25719C8AA9C00EA68B2;
			remoteInfo = Hypnosister;
		};
/* End PBXContainerItemProxy section */

/* Begin PBXFileReference section */
		E2CDB25819C8AA9C00EA68B2 /* Hypnosister.app */ = {isa = PBXFileReference; explicitFileType = wrapper.application; includeInIndex = 0; path = Hypnosister.app; sourceTree = BUILT_PRODUCTS_DIR; };
		E2CDB25B19C8AA9C00EA68B2 /* Foundation.framework */ = {isa = PBXFileReference; lastKnownFileType = wrapper.framework; name = Foundation.framework; path = System/Library/Frameworks/Foundation.framework; sourceTree = SDKROOT; };
		E2CDB25D19C8AA9C00EA68B2 /* CoreGraphics.framework */ = {isa = PBXFileReference; lastKnownFileType = wrapper.framework; name = CoreGraphics.framework; path = System/Library/Frameworks/CoreGraphics.framework; sourceTree = SDKROOT; };
		E2CDB25F19C8AA9C00EA68B2 /* UIKit.framework */ = {isa = PBXFileReference; lastKnownFileType = wrapper.framework; name = UIKit.framework; path = System/Library/Frameworks/UIKit.framework; sourceTree = SDKROOT; };
		E2CDB26319C8AA9C00EA68B2 /* Hypnosister-Info.plist */ = {isa = PBXFileReference; lastKnownFileType = text.plist.xml; path = "Hypnosister-Info.plist"; sourceTree = "<group>"; };
		E2CDB26519C8AA9C00EA68B2 /* en */ = {isa = PBXFileReference; lastKnownFileType = text.plist.strings; name = en; path = en.lproj/InfoPlist.strings; sourceTree = "<group>"; };
		E2CDB26719C8AA9C00EA68B2 /* main.m */ = {isa = PBXFileReference; lastKnownFileType = sourcecode.c.objc; path = main.m; sourceTree = "<group>"; };
		E2CDB26919C8AA9C00EA68B2 /* Hypnosister-Prefix.pch */ = {isa = PBXFileReference; lastKnownFileType = sourcecode.c.h; path = "Hypnosister-Prefix.pch"; sourceTree = "<group>"; };
		E2CDB26A19C8AA9C00EA68B2 /* BNRAppDelegate.h */ = {isa = PBXFileReference; lastKnownFileType = sourcecode.c.h; path = BNRAppDelegate.h; sourceTree = "<group>"; };
		E2CDB26B19C8AA9C00EA68B2 /* BNRAppDelegate.m */ = {isa = PBXFileReference; lastKnownFileType = sourcecode.c.objc; path = BNRAppDelegate.m; sourceTree = "<group>"; };
		E2CDB26D19C8AA9C00EA68B2 /* Images.xcassets */ = {isa = PBXFileReference; lastKnownFileType = folder.assetcatalog; path = Images.xcassets; sourceTree = "<group>"; };
		E2CDB27319C8AA9C00EA68B2 /* HypnosisterTests.xctest */ = {isa = PBXFileReference; explicitFileType = wrapper.cfbundle; includeInIndex = 0; path = HypnosisterTests.xctest; sourceTree = BUILT_PRODUCTS_DIR; };
		E2CDB27419C8AA9C00EA68B2 /* XCTest.framework */ = {isa = PBXFileReference; lastKnownFileType = wrapper.framework; name = XCTest.framework; path = Library/Frameworks/XCTest.framework; sourceTree = DEVELOPER_DIR; };
		E2CDB27C19C8AA9C00EA68B2 /* HypnosisterTests-Info.plist */ = {isa = PBXFileReference; lastKnownFileType = text.plist.xml; path = "HypnosisterTests-Info.plist"; sourceTree = "<group>"; };
		E2CDB27E19C8AA9C00EA68B2 /* en */ = {isa = PBXFileReference; lastKnownFileType = text.plist.strings; name = en; path = en.lproj/InfoPlist.strings; sourceTree = "<group>"; };
		E2CDB28019C8AA9C00EA68B2 /* HypnosisterTests.m */ = {isa = PBXFileReference; lastKnownFileType = sourcecode.c.objc; path = HypnosisterTests.m; sourceTree = "<group>"; };
/* End PBXFileReference section */

/* Begin PBXFrameworksBuildPhase section */
		E2CDB25519C8AA9C00EA68B2 /* Frameworks */ = {
			isa = PBXFrameworksBuildPhase;
			buildActionMask = 2147483647;
			files = (
				E2CDB25E19C8AA9C00EA68B2 /* CoreGraphics.framework in Frameworks */,
				E2CDB26019C8AA9C00EA68B2 /* UIKit.framework in Frameworks */,
				E2CDB25C19C8AA9C00EA68B2 /* Foundation.framework in Frameworks */,
			);
			runOnlyForDeploymentPostprocessing = 0;
		};
		E2CDB27019C8AA9C00EA68B2 /* Frameworks */ = {
			isa = PBXFrameworksBuildPhase;
			buildActionMask = 2147483647;
			files = (
				E2CDB27519C8AA9C00EA68B2 /* XCTest.framework in Frameworks */,
				E2CDB27719C8AA9C00EA68B2 /* UIKit.framework in Frameworks */,
				E2CDB27619C8AA9C00EA68B2 /* Foundation.framework in Frameworks */,
			);
			runOnlyForDeploymentPostprocessing = 0;
		};
/* End PBXFrameworksBuildPhase section */

/* Begin PBXGroup section */
		E2CDB24F19C8AA9C00EA68B2 = {
			isa = PBXGroup;
			children = (
				E2CDB26119C8AA9C00EA68B2 /* Hypnosister */,
				E2CDB27A19C8AA9C00EA68B2 /* HypnosisterTests */,
				E2CDB25A19C8AA9C00EA68B2 /* Frameworks */,
				E2CDB25919C8AA9C00EA68B2 /* Products */,
			);
			sourceTree = "<group>";
		};
		E2CDB25919C8AA9C00EA68B2 /* Products */ = {
			isa = PBXGroup;
			children = (
				E2CDB25819C8AA9C00EA68B2 /* Hypnosister.app */,
				E2CDB27319C8AA9C00EA68B2 /* HypnosisterTests.xctest */,
			);
			name = Products;
			sourceTree = "<group>";
		};
		E2CDB25A19C8AA9C00EA68B2 /* Frameworks */ = {
			isa = PBXGroup;
			children = (
				E2CDB25B19C8AA9C00EA68B2 /* Foundation.framework */,
				E2CDB25D19C8AA9C00EA68B2 /* CoreGraphics.framework */,
				E2CDB25F19C8AA9C00EA68B2 /* UIKit.framework */,
				E2CDB27419C8AA9C00EA68B2 /* XCTest.framework */,
			);
			name = Frameworks;
			sourceTree = "<group>";
		};
		E2CDB26119C8AA9C00EA68B2 /* Hypnosister */ = {
			isa = PBXGroup;
			children = (
				E2CDB26A19C8AA9C00EA68B2 /* BNRAppDelegate.h */,
				E2CDB26B19C8AA9C00EA68B2 /* BNRAppDelegate.m */,
				E2CDB26D19C8AA9C00EA68B2 /* Images.xcassets */,
				E2CDB26219C8AA9C00EA68B2 /* Supporting Files */,
			);
			path = Hypnosister;
			sourceTree = "<group>";
		};
		E2CDB26219C8AA9C00EA68B2 /* Supporting Files */ = {
			isa = PBXGroup;
			children = (
				E2CDB26319C8AA9C00EA68B2 /* Hypnosister-Info.plist */,
				E2CDB26419C8AA9C00EA68B2 /* InfoPlist.strings */,
				E2CDB26719C8AA9C00EA68B2 /* main.m */,
				E2CDB26919C8AA9C00EA68B2 /* Hypnosister-Prefix.pch */,
			);
			name = "Supporting Files";
			sourceTree = "<group>";
		};
		E2CDB27A19C8AA9C00EA68B2 /* HypnosisterTests */ = {
			isa = PBXGroup;
			children = (
				E2CDB28019C8AA9C00EA68B2 /* HypnosisterTests.m */,
				E2CDB27B19C8AA9C00EA68B2 /* Supporting Files */,
			);
			path = HypnosisterTests;
			sourceTree = "<group>";
		};
		E2CDB27B19C8AA9C00EA68B2 /* Supporting Files */ = {
			isa = PBXGroup;
			children = (
				E2CDB27C19C8AA9C00EA68B2 /* HypnosisterTests-Info.plist */,
				E2CDB27D19C8AA9C00EA68B2 /* InfoPlist.strings */,
			);
			name = "Supporting Files";
			sourceTree = "<group>";
		};
/* End PBXGroup section */

/* Begin PBXNativeTarget section */
		E2CDB25719C8AA9C00EA68B2 /* Hypnosister */ = {
			isa = PBXNativeTarget;
			buildConfigurationList = E2CDB28419C8AA9C00EA68B2 /* Build configuration list for PBXNativeTarget "Hypnosister" */;
			buildPhases = (
				E2CDB25419C8AA9C00EA68B2 /* Sources */,
				E2CDB25519C8AA9C00EA68B2 /* Frameworks */,
				E2CDB25619C8AA9C00EA68B2 /* Resources */,
			);
			buildRules = (
			);
			dependencies = (
			);
			name = Hypnosister;
			productName = Hypnosister;
			productReference = E2CDB25819C8AA9C00EA68B2 /* Hypnosister.app */;
			productType = "com.apple.product-type.application";
		};
		E2CDB27219C8AA9C00EA68B2 /* HypnosisterTests */ = {
			isa = PBXNativeTarget;
			buildConfigurationList = E2CDB28719C8AA9C00EA68B2 /* Build configuration list for PBXNativeTarget "HypnosisterTests" */;
			buildPhases = (
				E2CDB26F19C8AA9C00EA68B2 /* Sources */,
				E2CDB27019C8AA9C00EA68B2 /* Frameworks */,
				E2CDB27119C8AA9C00EA68B2 /* Resources */,
			);
			buildRules = (
			);
			dependencies = (
				E2CDB27919C8AA9C00EA68B2 /* PBXTargetDependency */,
			);
			name = HypnosisterTests;
			productName = HypnosisterTests;
			productReference = E2CDB27319C8AA9C00EA68B2 /* HypnosisterTests.xctest */;
			productType = "com.apple.product-type.bundle.unit-test";
		};
/* End PBXNativeTarget section */

/* Begin PBXProject section */
		E2CDB25019C8AA9C00EA68B2 /* Project object */ = {
			isa = PBXProject;
			attributes = {
				CLASSPREFIX = BNR;
				LastUpgradeCheck = 0510;
				ORGANIZATIONNAME = "Maritom LLC";
				TargetAttributes = {
					E2CDB27219C8AA9C00EA68B2 = {
						TestTargetID = E2CDB25719C8AA9C00EA68B2;
					};
				};
			};
			buildConfigurationList = E2CDB25319C8AA9C00EA68B2 /* Build configuration list for PBXProject "Hypnosister" */;
			compatibilityVersion = "Xcode 3.2";
			developmentRegion = English;
			hasScannedForEncodings = 0;
			knownRegions = (
				en,
			);
			mainGroup = E2CDB24F19C8AA9C00EA68B2;
			productRefGroup = E2CDB25919C8AA9C00EA68B2 /* Products */;
			projectDirPath = "";
			projectRoot = "";
			targets = (
				E2CDB25719C8AA9C00EA68B2 /* Hypnosister */,
				E2CDB27219C8AA9C00EA68B2 /* HypnosisterTests */,
			);
		};
/* End PBXProject section */

/* Begin PBXResourcesBuildPhase section */
		E2CDB25619C8AA9C00EA68B2 /* Resources */ = {
			isa = PBXResourcesBuildPhase;
			buildActionMask = 2147483647;
			files = (
				E2CDB26619C8AA9C00EA68B2 /* InfoPlist.strings in Resources */,
				E2CDB26E19C8AA9C00EA68B2 /* Images.xcassets in Resources */,
			);
			runOnlyForDeploymentPostprocessing = 0;
		};
		E2CDB27119C8AA9C00EA68B2 /* Resources */ = {
			isa = PBXResourcesBuildPhase;
			buildActionMask = 2147483647;
			files = (
				E2CDB27F19C8AA9C00EA68B2 /* InfoPlist.strings in Resources */,
			);
			runOnlyForDeploymentPostprocessing = 0;
		};
/* End PBXResourcesBuildPhase section */

/* Begin PBXSourcesBuildPhase section */
		E2CDB25419C8AA9C00EA68B2 /* Sources */ = {
			isa = PBXSourcesBuildPhase;
			buildActionMask = 2147483647;
			files = (
				E2CDB26819C8AA9C00EA68B2 /* main.m in Sources */,
				E2CDB26C19C8AA9C00EA68B2 /* BNRAppDelegate.m in Sources */,
			);
			runOnlyForDeploymentPostprocessing = 0;
		};
		E2CDB26F19C8AA9C00EA68B2 /* Sources */ = {
			isa = PBXSourcesBuildPhase;
			buildActionMask = 2147483647;
			files = (
				E2CDB28119C8AA9C00EA68B2 /* HypnosisterTests.m in Sources */,
			);
			runOnlyForDeploymentPostprocessing = 0;
		};
/* End PBXSourcesBuildPhase section */

/* Begin PBXTargetDependency section */
		E2CDB27919C8AA9C00EA68B2 /* PBXTargetDependency */ = {
			isa = PBXTargetDependency;
			target = E2CDB25719C8AA9C00EA68B2 /* Hypnosister */;
			targetProxy = E2CDB27819C8AA9C00EA68B2 /* PBXContainerItemProxy */;
		};
/* End PBXTargetDependency section */

/* Begin PBXVariantGroup section */
		E2CDB26419C8AA9C00EA68B2 /* InfoPlist.strings */ = {
			isa = PBXVariantGroup;
			children = (
				E2CDB26519C8AA9C00EA68B2 /* en */,
			);
			name = InfoPlist.strings;
			sourceTree = "<group>";
		};
		E2CDB27D19C8AA9C00EA68B2 /* InfoPlist.strings */ = {
			isa = PBXVariantGroup;
			children = (
				E2CDB27E19C8AA9C00EA68B2 /* en */,
			);
			name = InfoPlist.strings;
			sourceTree = "<group>";
		};
/* End PBXVariantGroup section */

/* Begin XCBuildConfiguration section */
		E2CDB28219C8AA9C00EA68B2 /* Debug */ = {
			isa = XCBuildConfiguration;
			buildSettings = {
				ALWAYS_SEARCH_USER_PATHS = NO;
				CLANG_CXX_LANGUAGE_STANDARD = "gnu++0x";
				CLANG_CXX_LIBRARY = "libc++";
				CLANG_ENABLE_MODULES = YES;
				CLANG_ENABLE_OBJC_ARC = YES;
				CLANG_WARN_BOOL_CONVERSION = YES;
				CLANG_WARN_CONSTANT_CONVERSION = YES;
				CLANG_WARN_DIRECT_OBJC_ISA_USAGE = YES_ERROR;
				CLANG_WARN_EMPTY_BODY = YES;
				CLANG_WARN_ENUM_CONVERSION = YES;
				CLANG_WARN_INT_CONVERSION = YES;
				CLANG_WARN_OBJC_ROOT_CLASS = YES_ERROR;
				CLANG_WARN__DUPLICATE_METHOD_MATCH = YES;
				"CODE_SIGN_IDENTITY[sdk=iphoneos*]" = "iPhone Developer";
				COPY_PHASE_STRIP = NO;
				GCC_C_LANGUAGE_STANDARD = gnu99;
				GCC_DYNAMIC_NO_PIC = NO;
				GCC_OPTIMIZATION_LEVEL = 0;
				GCC_PREPROCESSOR_DEFINITIONS = (
					"DEBUG=1",
					"$(inherited)",
				);
				GCC_SYMBOLS_PRIVATE_EXTERN = NO;
				GCC_WARN_64_TO_32_BIT_CONVERSION = YES;
				GCC_WARN_ABOUT_RETURN_TYPE = YES_ERROR;
				GCC_WARN_UNDECLARED_SELECTOR = YES;
				GCC_WARN_UNINITIALIZED_AUTOS = YES_AGGRESSIVE;
				GCC_WARN_UNUSED_FUNCTION = YES;
				GCC_WARN_UNUSED_VARIABLE = YES;
				IPHONEOS_DEPLOYMENT_TARGET = 7.1;
				ONLY_ACTIVE_ARCH = YES;
				SDKROOT = iphoneos;
			};
			name = Debug;
		};
		E2CDB28319C8AA9C00EA68B2 /* Release */ = {
			isa = XCBuildConfiguration;
			buildSettings = {
				ALWAYS_SEARCH_USER_PATHS = NO;
				CLANG_CXX_LANGUAGE_STANDARD = "gnu++0x";
				CLANG_CXX_LIBRARY = "libc++";
				CLANG_ENABLE_MODULES = YES;
				CLANG_ENABLE_OBJC_ARC = YES;
				CLANG_WARN_BOOL_CONVERSION = YES;
				CLANG_WARN_CONSTANT_CONVERSION = YES;
				CLANG_WARN_DIRECT_OBJC_ISA_USAGE = YES_ERROR;
				CLANG_WARN_EMPTY_BODY = YES;
				CLANG_WARN_ENUM_CONVERSION = YES;
				CLANG_WARN_INT_CONVERSION = YES;
				CLANG_WARN_OBJC_ROOT_CLASS = YES_ERROR;
				CLANG_WARN__DUPLICATE_METHOD_MATCH = YES;
				"CODE_SIGN_IDENTITY[sdk=iphoneos*]" = "iPhone Developer";
				COPY_PHASE_STRIP = YES;
				ENABLE_NS_ASSERTIONS = NO;
				GCC_C_LANGUAGE_STANDARD = gnu99;
				GCC_WARN_64_TO_32_BIT_CONVERSION = YES;
				GCC_WARN_ABOUT_RETURN_TYPE = YES_ERROR;
				GCC_WARN_UNDECLARED_SELECTOR = YES;
				GCC_WARN_UNINITIALIZED_AUTOS = YES_AGGRESSIVE;
				GCC_WARN_UNUSED_FUNCTION = YES;
				GCC_WARN_UNUSED_VARIABLE = YES;
				IPHONEOS_DEPLOYMENT_TARGET = 7.1;
				SDKROOT = iphoneos;
				VALIDATE_PRODUCT = YES;
			};
			name = Release;
		};
		E2CDB28519C8AA9C00EA68B2 /* Debug */ = {
			isa = XCBuildConfiguration;
			buildSettings = {
				ASSETCATALOG_COMPILER_APPICON_NAME = AppIcon;
				ASSETCATALOG_COMPILER_LAUNCHIMAGE_NAME = LaunchImage;
				GCC_PRECOMPILE_PREFIX_HEADER = YES;
				GCC_PREFIX_HEADER = "Hypnosister/Hypnosister-Prefix.pch";
				INFOPLIST_FILE = "Hypnosister/Hypnosister-Info.plist";
				PRODUCT_NAME = "$(TARGET_NAME)";
				WRAPPER_EXTENSION = app;
			};
			name = Debug;
		};
		E2CDB28619C8AA9C00EA68B2 /* Release */ = {
			isa = XCBuildConfiguration;
			buildSettings = {
				ASSETCATALOG_COMPILER_APPICON_NAME = AppIcon;
				ASSETCATALOG_COMPILER_LAUNCHIMAGE_NAME = LaunchImage;
				GCC_PRECOMPILE_PREFIX_HEADER = YES;
				GCC_PREFIX_HEADER = "Hypnosister/Hypnosister-Prefix.pch";
				INFOPLIST_FILE = "Hypnosister/Hypnosister-Info.plist";
				PRODUCT_NAME = "$(TARGET_NAME)";
				WRAPPER_EXTENSION = app;
			};
			name = Release;
		};
		E2CDB28819C8AA9C00EA68B2 /* Debug */ = {
			isa = XCBuildConfiguration;
			buildSettings = {
				BUNDLE_LOADER = "$(BUILT_PRODUCTS_DIR)/Hypnosister.app/Hypnosister";
				FRAMEWORK_SEARCH_PATHS = (
					"$(SDKROOT)/Developer/Library/Frameworks",
					"$(inherited)",
					"$(DEVELOPER_FRAMEWORKS_DIR)",
				);
				GCC_PRECOMPILE_PREFIX_HEADER = YES;
				GCC_PREFIX_HEADER = "Hypnosister/Hypnosister-Prefix.pch";
				GCC_PREPROCESSOR_DEFINITIONS = (
					"DEBUG=1",
					"$(inherited)",
				);
				INFOPLIST_FILE = "HypnosisterTests/HypnosisterTests-Info.plist";
				PRODUCT_NAME = "$(TARGET_NAME)";
				TEST_HOST = "$(BUNDLE_LOADER)";
				WRAPPER_EXTENSION = xctest;
			};
			name = Debug;
		};
		E2CDB28919C8AA9C00EA68B2 /* Release */ = {
			isa = XCBuildConfiguration;
			buildSettings = {
				BUNDLE_LOADER = "$(BUILT_PRODUCTS_DIR)/Hypnosister.app/Hypnosister";
				FRAMEWORK_SEARCH_PATHS = (
					"$(SDKROOT)/Developer/Library/Frameworks",
					"$(inherited)",
					"$(DEVELOPER_FRAMEWORKS_DIR)",
				);
				GCC_PRECOMPILE_PREFIX_HEADER = YES;
				GCC_PREFIX_HEADER = "Hypnosister/Hypnosister-Prefix.pch";
				INFOPLIST_FILE = "HypnosisterTests/HypnosisterTests-Info.plist";
				PRODUCT_NAME = "$(TARGET_NAME)";
				TEST_HOST = "$(BUNDLE_LOADER)";
				WRAPPER_EXTENSION = xctest;
			};
			name = Release;
		};
/* End XCBuildConfiguration section */

/* Begin XCConfigurationList section */
		E2CDB25319C8AA9C00EA68B2 /* Build configuration list for PBXProject "Hypnosister" */ = {
			isa = XCConfigurationList;
			buildConfigurations = (
				E2CDB28219C8AA9C00EA68B2 /* Debug */,
				E2CDB28319C8AA9C00EA68B2 /* Release */,
			);
			defaultConfigurationIsVisible = 0;
			defaultConfigurationName = Release;
		};
		E2CDB28419C8AA9C00EA68B2 /* Build configuration list for PBXNativeTarget "Hypnosister" */ = {
			isa = XCConfigurationList;
			buildConfigurations = (
				E2CDB28519C8AA9C00EA68B2 /* Debug */,
				E2CDB28619C8AA9C00EA68B2 /* Release */,
			);
			defaultConfigurationIsVisible = 0;
		};
		E2CDB28719C8AA9C00EA68B2 /* Build configuration list for PBXNativeTarget "HypnosisterTests" */ = {
			isa = XCConfigurationList;
			buildConfigurations = (
				E2CDB28819C8AA9C00EA68B2 /* Debug */,
				E2CDB28919C8AA9C00EA68B2 /* Release */,
			);
			defaultConfigurationIsVisible = 0;
		};
/* End XCConfigurationList section */
	};
	rootObject = E2CDB25019C8AA9C00EA68B2 /* Project object */;
}
